
Microsoft Visual Studio Solution File, Format Version 12.00
# Visual Studio 15
VisualStudioVersion = 15.0.27703.2035
MinimumVisualStudioVersion = 10.0.40219.1
Project("{9A19103F-16F7-4668-BE54-9A1E7A4F7556}") = "UniversalGraphics", "UniversalGraphics\UniversalGraphics.csproj", "{D75B3D9C-50AA-4C59-BEDB-8CD93EBA5CAF}"
EndProject
Project("{2150E333-8FDC-42A3-9474-1A3956D46DE8}") = "Drivers", "Drivers", "{72AB6439-205A-4802-B0E4-08085AF74FE8}"
EndProject
Project("{9A19103F-16F7-4668-BE54-9A1E7A4F7556}") = "UniversalGraphics.Droid2D", "UniversalGraphics.Droid2D\UniversalGraphics.Droid2D.csproj", "{4A420615-40FB-4C8F-9084-B810084A6805}"
EndProject
Project("{9A19103F-16F7-4668-BE54-9A1E7A4F7556}") = "UniversalGraphics.GdiPlus", "UniversalGraphics.GdiPlus\UniversalGraphics.GdiPlus.csproj", "{3CB3728D-D0F3-48E9-A1F4-06D140E16816}"
EndProject
Project("{9A19103F-16F7-4668-BE54-9A1E7A4F7556}") = "UniversalGraphics.Quartz2D", "UniversalGraphics.Quartz2D\UniversalGraphics.Quartz2D.csproj", "{346A9BCA-8AEA-49D8-BC45-BA06D67C6846}"
EndProject
Project("{9A19103F-16F7-4668-BE54-9A1E7A4F7556}") = "UniversalGraphics.Win2D", "UniversalGraphics.Win2D\UniversalGraphics.Win2D.csproj", "{E7DBCA15-DD28-4846-8531-4BD534283084}"
EndProject
Project("{9A19103F-16F7-4668-BE54-9A1E7A4F7556}") = "UniversalGraphics.Wpf", "UniversalGraphics.Wpf\UniversalGraphics.Wpf.csproj", "{0B6ECF6A-3A0D-4D21-9BE2-C6E5797F3F72}"
EndProject
Project("{2150E333-8FDC-42A3-9474-1A3956D46DE8}") = "Test", "Test", "{3CF86B52-A182-4DBF-BFD9-B45D96B7D902}"
EndProject
Project("{D954291E-2A0B-460D-934E-DC6B0785DB48}") = "UniversalGraphics.Test.Shared", "..\test\Shared\UniversalGraphics.Test.Shared.shproj", "{58A65F45-54ED-487D-85CE-D82880E54A4E}"
EndProject
Project("{FAE04EC0-301F-11D3-BF4B-00C04F79EFBC}") = "UniversalGraphics.Droid2D.Test", "..\test\Droid2D\UniversalGraphics.Droid2D.Test.csproj", "{05F18F3E-7E3B-45F0-8265-D9E1D6E1C35C}"
EndProject
Project("{FAE04EC0-301F-11D3-BF4B-00C04F79EFBC}") = "UniversalGraphics.GdiPlus.Test", "..\test\GdiPlus\UniversalGraphics.GdiPlus.Test.csproj", "{E20355F8-7891-4DDA-903E-CBBF772766CD}"
EndProject
Project("{FAE04EC0-301F-11D3-BF4B-00C04F79EFBC}") = "UniversalGraphics.Win2D.Test", "..\test\Win2D\UniversalGraphics.Win2D.Test.csproj", "{256A7B13-9220-4623-B405-3234903754B2}"
EndProject
Project("{FAE04EC0-301F-11D3-BF4B-00C04F79EFBC}") = "UniversalGraphics.Wpf.Test", "..\test\Wpf\UniversalGraphics.Wpf.Test.csproj", "{2B3EC665-3487-4610-8233-EABB80270497}"
EndProject
Project("{FAE04EC0-301F-11D3-BF4B-00C04F79EFBC}") = "UniversalGraphics.Quartz2D.Test", "..\test\Quartz2D\UniversalGraphics.Quartz2D.Test.csproj", "{BD0D0CE4-934C-4330-93D7-759E17C1800F}"
EndProject
Project("{2150E333-8FDC-42A3-9474-1A3956D46DE8}") = "Solution Items", "Solution Items", "{CDFCC10E-D9E5-4621-B2EB-D75CDE5EE1C4}"
	ProjectSection(SolutionItems) = preProject
		.editorconfig = .editorconfig
	EndProjectSection
EndProject
Global
	GlobalSection(SharedMSBuildProjectFiles) = preSolution
		..\test\Shared\Shared.projitems*{05f18f3e-7e3b-45f0-8265-d9e1d6e1c35c}*SharedItemsImports = 4
		..\test\Shared\Shared.projitems*{256a7b13-9220-4623-b405-3234903754b2}*SharedItemsImports = 4
		..\test\Shared\Shared.projitems*{2b3ec665-3487-4610-8233-eabb80270497}*SharedItemsImports = 4
		..\test\Shared\Shared.projitems*{58a65f45-54ed-487d-85ce-d82880e54a4e}*SharedItemsImports = 13
		..\test\Shared\Shared.projitems*{bd0d0ce4-934c-4330-93d7-759e17c1800f}*SharedItemsImports = 4
		..\test\Shared\Shared.projitems*{e20355f8-7891-4dda-903e-cbbf772766cd}*SharedItemsImports = 4
	EndGlobalSection
	GlobalSection(SolutionConfigurationPlatforms) = preSolution
		Debug|Any CPU = Debug|Any CPU
		Debug|ARM = Debug|ARM
		Debug|x64 = Debug|x64
		Debug|x86 = Debug|x86
		Release|Any CPU = Release|Any CPU
		Release|ARM = Release|ARM
		Release|x64 = Release|x64
		Release|x86 = Release|x86
	EndGlobalSection
	GlobalSection(ProjectConfigurationPlatforms) = postSolution
		{D75B3D9C-50AA-4C59-BEDB-8CD93EBA5CAF}.Debug|Any CPU.ActiveCfg = Debug|Any CPU
		{D75B3D9C-50AA-4C59-BEDB-8CD93EBA5CAF}.Debug|Any CPU.Build.0 = Debug|Any CPU
		{D75B3D9C-50AA-4C59-BEDB-8CD93EBA5CAF}.Debug|ARM.ActiveCfg = Debug|Any CPU
		{D75B3D9C-50AA-4C59-BEDB-8CD93EBA5CAF}.Debug|ARM.Build.0 = Debug|Any CPU
		{D75B3D9C-50AA-4C59-BEDB-8CD93EBA5CAF}.Debug|x64.ActiveCfg = Debug|Any CPU
		{D75B3D9C-50AA-4C59-BEDB-8CD93EBA5CAF}.Debug|x64.Build.0 = Debug|Any CPU
		{D75B3D9C-50AA-4C59-BEDB-8CD93EBA5CAF}.Debug|x86.ActiveCfg = Debug|Any CPU
		{D75B3D9C-50AA-4C59-BEDB-8CD93EBA5CAF}.Debug|x86.Build.0 = Debug|Any CPU
		{D75B3D9C-50AA-4C59-BEDB-8CD93EBA5CAF}.Release|Any CPU.ActiveCfg = Release|Any CPU
		{D75B3D9C-50AA-4C59-BEDB-8CD93EBA5CAF}.Release|Any CPU.Build.0 = Release|Any CPU
		{D75B3D9C-50AA-4C59-BEDB-8CD93EBA5CAF}.Release|ARM.ActiveCfg = Release|Any CPU
		{D75B3D9C-50AA-4C59-BEDB-8CD93EBA5CAF}.Release|ARM.Build.0 = Release|Any CPU
		{D75B3D9C-50AA-4C59-BEDB-8CD93EBA5CAF}.Release|x64.ActiveCfg = Release|Any CPU
		{D75B3D9C-50AA-4C59-BEDB-8CD93EBA5CAF}.Release|x64.Build.0 = Release|Any CPU
		{D75B3D9C-50AA-4C59-BEDB-8CD93EBA5CAF}.Release|x86.ActiveCfg = Release|Any CPU
		{D75B3D9C-50AA-4C59-BEDB-8CD93EBA5CAF}.Release|x86.Build.0 = Release|Any CPU
		{4A420615-40FB-4C8F-9084-B810084A6805}.Debug|Any CPU.ActiveCfg = Debug|Any CPU
		{4A420615-40FB-4C8F-9084-B810084A6805}.Debug|Any CPU.Build.0 = Debug|Any CPU
		{4A420615-40FB-4C8F-9084-B810084A6805}.Debug|ARM.ActiveCfg = Debug|Any CPU
		{4A420615-40FB-4C8F-9084-B810084A6805}.Debug|ARM.Build.0 = Debug|Any CPU
		{4A420615-40FB-4C8F-9084-B810084A6805}.Debug|x64.ActiveCfg = Debug|Any CPU
		{4A420615-40FB-4C8F-9084-B810084A6805}.Debug|x64.Build.0 = Debug|Any CPU
		{4A420615-40FB-4C8F-9084-B810084A6805}.Debug|x86.ActiveCfg = Debug|Any CPU
		{4A420615-40FB-4C8F-9084-B810084A6805}.Debug|x86.Build.0 = Debug|Any CPU
		{4A420615-40FB-4C8F-9084-B810084A6805}.Release|Any CPU.ActiveCfg = Release|Any CPU
		{4A420615-40FB-4C8F-9084-B810084A6805}.Release|Any CPU.Build.0 = Release|Any CPU
		{4A420615-40FB-4C8F-9084-B810084A6805}.Release|ARM.ActiveCfg = Release|Any CPU
		{4A420615-40FB-4C8F-9084-B810084A6805}.Release|ARM.Build.0 = Release|Any CPU
		{4A420615-40FB-4C8F-9084-B810084A6805}.Release|x64.ActiveCfg = Release|Any CPU
		{4A420615-40FB-4C8F-9084-B810084A6805}.Release|x64.Build.0 = Release|Any CPU
		{4A420615-40FB-4C8F-9084-B810084A6805}.Release|x86.ActiveCfg = Release|Any CPU
		{4A420615-40FB-4C8F-9084-B810084A6805}.Release|x86.Build.0 = Release|Any CPU
		{3CB3728D-D0F3-48E9-A1F4-06D140E16816}.Debug|Any CPU.ActiveCfg = Debug|Any CPU
		{3CB3728D-D0F3-48E9-A1F4-06D140E16816}.Debug|Any CPU.Build.0 = Debug|Any CPU
		{3CB3728D-D0F3-48E9-A1F4-06D140E16816}.Debug|ARM.ActiveCfg = Debug|Any CPU
		{3CB3728D-D0F3-48E9-A1F4-06D140E16816}.Debug|ARM.Build.0 = Debug|Any CPU
		{3CB3728D-D0F3-48E9-A1F4-06D140E16816}.Debug|x64.ActiveCfg = Debug|Any CPU
		{3CB3728D-D0F3-48E9-A1F4-06D140E16816}.Debug|x64.Build.0 = Debug|Any CPU
		{3CB3728D-D0F3-48E9-A1F4-06D140E16816}.Debug|x86.ActiveCfg = Debug|Any CPU
		{3CB3728D-D0F3-48E9-A1F4-06D140E16816}.Debug|x86.Build.0 = Debug|Any CPU
		{3CB3728D-D0F3-48E9-A1F4-06D140E16816}.Release|Any CPU.ActiveCfg = Release|Any CPU
		{3CB3728D-D0F3-48E9-A1F4-06D140E16816}.Release|Any CPU.Build.0 = Release|Any CPU
		{3CB3728D-D0F3-48E9-A1F4-06D140E16816}.Release|ARM.ActiveCfg = Release|Any CPU
		{3CB3728D-D0F3-48E9-A1F4-06D140E16816}.Release|ARM.Build.0 = Release|Any CPU
		{3CB3728D-D0F3-48E9-A1F4-06D140E16816}.Release|x64.ActiveCfg = Release|Any CPU
		{3CB3728D-D0F3-48E9-A1F4-06D140E16816}.Release|x64.Build.0 = Release|Any CPU
		{3CB3728D-D0F3-48E9-A1F4-06D140E16816}.Release|x86.ActiveCfg = Release|Any CPU
		{3CB3728D-D0F3-48E9-A1F4-06D140E16816}.Release|x86.Build.0 = Release|Any CPU
		{346A9BCA-8AEA-49D8-BC45-BA06D67C6846}.Debug|Any CPU.ActiveCfg = Debug|Any CPU
		{346A9BCA-8AEA-49D8-BC45-BA06D67C6846}.Debug|Any CPU.Build.0 = Debug|Any CPU
		{346A9BCA-8AEA-49D8-BC45-BA06D67C6846}.Debug|ARM.ActiveCfg = Debug|Any CPU
		{346A9BCA-8AEA-49D8-BC45-BA06D67C6846}.Debug|ARM.Build.0 = Debug|Any CPU
		{346A9BCA-8AEA-49D8-BC45-BA06D67C6846}.Debug|x64.ActiveCfg = Debug|Any CPU
		{346A9BCA-8AEA-49D8-BC45-BA06D67C6846}.Debug|x64.Build.0 = Debug|Any CPU
		{346A9BCA-8AEA-49D8-BC45-BA06D67C6846}.Debug|x86.ActiveCfg = Debug|Any CPU
		{346A9BCA-8AEA-49D8-BC45-BA06D67C6846}.Debug|x86.Build.0 = Debug|Any CPU
		{346A9BCA-8AEA-49D8-BC45-BA06D67C6846}.Release|Any CPU.ActiveCfg = Release|Any CPU
		{346A9BCA-8AEA-49D8-BC45-BA06D67C6846}.Release|Any CPU.Build.0 = Release|Any CPU
		{346A9BCA-8AEA-49D8-BC45-BA06D67C6846}.Release|ARM.ActiveCfg = Release|Any CPU
		{346A9BCA-8AEA-49D8-BC45-BA06D67C6846}.Release|ARM.Build.0 = Release|Any CPU
		{346A9BCA-8AEA-49D8-BC45-BA06D67C6846}.Release|x64.ActiveCfg = Release|Any CPU
		{346A9BCA-8AEA-49D8-BC45-BA06D67C6846}.Release|x64.Build.0 = Release|Any CPU
		{346A9BCA-8AEA-49D8-BC45-BA06D67C6846}.Release|x86.ActiveCfg = Release|Any CPU
		{346A9BCA-8AEA-49D8-BC45-BA06D67C6846}.Release|x86.Build.0 = Release|Any CPU
		{E7DBCA15-DD28-4846-8531-4BD534283084}.Debug|Any CPU.ActiveCfg = Debug|x86
		{E7DBCA15-DD28-4846-8531-4BD534283084}.Debug|ARM.ActiveCfg = Debug|ARM
		{E7DBCA15-DD28-4846-8531-4BD534283084}.Debug|ARM.Build.0 = Debug|ARM
		{E7DBCA15-DD28-4846-8531-4BD534283084}.Debug|x64.ActiveCfg = Debug|x64
		{E7DBCA15-DD28-4846-8531-4BD534283084}.Debug|x64.Build.0 = Debug|x64
		{E7DBCA15-DD28-4846-8531-4BD534283084}.Debug|x86.ActiveCfg = Debug|x86
		{E7DBCA15-DD28-4846-8531-4BD534283084}.Debug|x86.Build.0 = Debug|x86
		{E7DBCA15-DD28-4846-8531-4BD534283084}.Release|Any CPU.ActiveCfg = Release|x86
		{E7DBCA15-DD28-4846-8531-4BD534283084}.Release|ARM.ActiveCfg = Release|ARM
		{E7DBCA15-DD28-4846-8531-4BD534283084}.Release|ARM.Build.0 = Release|ARM
		{E7DBCA15-DD28-4846-8531-4BD534283084}.Release|x64.ActiveCfg = Release|x64
		{E7DBCA15-DD28-4846-8531-4BD534283084}.Release|x64.Build.0 = Release|x64
		{E7DBCA15-DD28-4846-8531-4BD534283084}.Release|x86.ActiveCfg = Release|x86
		{E7DBCA15-DD28-4846-8531-4BD534283084}.Release|x86.Build.0 = Release|x86
		{0B6ECF6A-3A0D-4D21-9BE2-C6E5797F3F72}.Debug|Any CPU.ActiveCfg = Debug|Any CPU
		{0B6ECF6A-3A0D-4D21-9BE2-C6E5797F3F72}.Debug|Any CPU.Build.0 = Debug|Any CPU
		{0B6ECF6A-3A0D-4D21-9BE2-C6E5797F3F72}.Debug|ARM.ActiveCfg = Debug|Any CPU
		{0B6ECF6A-3A0D-4D21-9BE2-C6E5797F3F72}.Debug|ARM.Build.0 = Debug|Any CPU
		{0B6ECF6A-3A0D-4D21-9BE2-C6E5797F3F72}.Debug|x64.ActiveCfg = Debug|Any CPU
		{0B6ECF6A-3A0D-4D21-9BE2-C6E5797F3F72}.Debug|x64.Build.0 = Debug|Any CPU
		{0B6ECF6A-3A0D-4D21-9BE2-C6E5797F3F72}.Debug|x86.ActiveCfg = Debug|Any CPU
		{0B6ECF6A-3A0D-4D21-9BE2-C6E5797F3F72}.Debug|x86.Build.0 = Debug|Any CPU
		{0B6ECF6A-3A0D-4D21-9BE2-C6E5797F3F72}.Release|Any CPU.ActiveCfg = Release|Any CPU
		{0B6ECF6A-3A0D-4D21-9BE2-C6E5797F3F72}.Release|Any CPU.Build.0 = Release|Any CPU
		{0B6ECF6A-3A0D-4D21-9BE2-C6E5797F3F72}.Release|ARM.ActiveCfg = Release|Any CPU
		{0B6ECF6A-3A0D-4D21-9BE2-C6E5797F3F72}.Release|ARM.Build.0 = Release|Any CPU
		{0B6ECF6A-3A0D-4D21-9BE2-C6E5797F3F72}.Release|x64.ActiveCfg = Release|Any CPU
		{0B6ECF6A-3A0D-4D21-9BE2-C6E5797F3F72}.Release|x64.Build.0 = Release|Any CPU
		{0B6ECF6A-3A0D-4D21-9BE2-C6E5797F3F72}.Release|x86.ActiveCfg = Release|Any CPU
		{0B6ECF6A-3A0D-4D21-9BE2-C6E5797F3F72}.Release|x86.Build.0 = Release|Any CPU
		{05F18F3E-7E3B-45F0-8265-D9E1D6E1C35C}.Debug|Any CPU.ActiveCfg = Debug|Any CPU
		{05F18F3E-7E3B-45F0-8265-D9E1D6E1C35C}.Debug|Any CPU.Build.0 = Debug|Any CPU
		{05F18F3E-7E3B-45F0-8265-D9E1D6E1C35C}.Debug|Any CPU.Deploy.0 = Debug|Any CPU
		{05F18F3E-7E3B-45F0-8265-D9E1D6E1C35C}.Debug|ARM.ActiveCfg = Debug|Any CPU
		{05F18F3E-7E3B-45F0-8265-D9E1D6E1C35C}.Debug|ARM.Build.0 = Debug|Any CPU
		{05F18F3E-7E3B-45F0-8265-D9E1D6E1C35C}.Debug|ARM.Deploy.0 = Debug|Any CPU
		{05F18F3E-7E3B-45F0-8265-D9E1D6E1C35C}.Debug|x64.ActiveCfg = Debug|Any CPU
		{05F18F3E-7E3B-45F0-8265-D9E1D6E1C35C}.Debug|x64.Build.0 = Debug|Any CPU
		{05F18F3E-7E3B-45F0-8265-D9E1D6E1C35C}.Debug|x64.Deploy.0 = Debug|Any CPU
		{05F18F3E-7E3B-45F0-8265-D9E1D6E1C35C}.Debug|x86.ActiveCfg = Debug|Any CPU
		{05F18F3E-7E3B-45F0-8265-D9E1D6E1C35C}.Debug|x86.Build.0 = Debug|Any CPU
		{05F18F3E-7E3B-45F0-8265-D9E1D6E1C35C}.Debug|x86.Deploy.0 = Debug|Any CPU
		{05F18F3E-7E3B-45F0-8265-D9E1D6E1C35C}.Release|Any CPU.ActiveCfg = Release|Any CPU
		{05F18F3E-7E3B-45F0-8265-D9E1D6E1C35C}.Release|Any CPU.Build.0 = Release|Any CPU
		{05F18F3E-7E3B-45F0-8265-D9E1D6E1C35C}.Release|Any CPU.Deploy.0 = Release|Any CPU
		{05F18F3E-7E3B-45F0-8265-D9E1D6E1C35C}.Release|ARM.ActiveCfg = Release|Any CPU
		{05F18F3E-7E3B-45F0-8265-D9E1D6E1C35C}.Release|ARM.Build.0 = Release|Any CPU
		{05F18F3E-7E3B-45F0-8265-D9E1D6E1C35C}.Release|ARM.Deploy.0 = Release|Any CPU
		{05F18F3E-7E3B-45F0-8265-D9E1D6E1C35C}.Release|x64.ActiveCfg = Release|Any CPU
		{05F18F3E-7E3B-45F0-8265-D9E1D6E1C35C}.Release|x64.Build.0 = Release|Any CPU
		{05F18F3E-7E3B-45F0-8265-D9E1D6E1C35C}.Release|x64.Deploy.0 = Release|Any CPU
		{05F18F3E-7E3B-45F0-8265-D9E1D6E1C35C}.Release|x86.ActiveCfg = Release|Any CPU
		{05F18F3E-7E3B-45F0-8265-D9E1D6E1C35C}.Release|x86.Build.0 = Release|Any CPU
		{05F18F3E-7E3B-45F0-8265-D9E1D6E1C35C}.Release|x86.Deploy.0 = Release|Any CPU
		{E20355F8-7891-4DDA-903E-CBBF772766CD}.Debug|Any CPU.ActiveCfg = Debug|Any CPU
		{E20355F8-7891-4DDA-903E-CBBF772766CD}.Debug|Any CPU.Build.0 = Debug|Any CPU
		{E20355F8-7891-4DDA-903E-CBBF772766CD}.Debug|ARM.ActiveCfg = Debug|Any CPU
		{E20355F8-7891-4DDA-903E-CBBF772766CD}.Debug|ARM.Build.0 = Debug|Any CPU
		{E20355F8-7891-4DDA-903E-CBBF772766CD}.Debug|x64.ActiveCfg = Debug|Any CPU
		{E20355F8-7891-4DDA-903E-CBBF772766CD}.Debug|x64.Build.0 = Debug|Any CPU
		{E20355F8-7891-4DDA-903E-CBBF772766CD}.Debug|x86.ActiveCfg = Debug|Any CPU
		{E20355F8-7891-4DDA-903E-CBBF772766CD}.Debug|x86.Build.0 = Debug|Any CPU
		{E20355F8-7891-4DDA-903E-CBBF772766CD}.Release|Any CPU.ActiveCfg = Release|Any CPU
		{E20355F8-7891-4DDA-903E-CBBF772766CD}.Release|Any CPU.Build.0 = Release|Any CPU
		{E20355F8-7891-4DDA-903E-CBBF772766CD}.Release|ARM.ActiveCfg = Release|Any CPU
		{E20355F8-7891-4DDA-903E-CBBF772766CD}.Release|ARM.Build.0 = Release|Any CPU
		{E20355F8-7891-4DDA-903E-CBBF772766CD}.Release|x64.ActiveCfg = Release|Any CPU
		{E20355F8-7891-4DDA-903E-CBBF772766CD}.Release|x64.Build.0 = Release|Any CPU
		{E20355F8-7891-4DDA-903E-CBBF772766CD}.Release|x86.ActiveCfg = Release|Any CPU
		{E20355F8-7891-4DDA-903E-CBBF772766CD}.Release|x86.Build.0 = Release|Any CPU
		{256A7B13-9220-4623-B405-3234903754B2}.Debug|Any CPU.ActiveCfg = Debug|x86
		{256A7B13-9220-4623-B405-3234903754B2}.Debug|ARM.ActiveCfg = Debug|ARM
		{256A7B13-9220-4623-B405-3234903754B2}.Debug|ARM.Build.0 = Debug|ARM
		{256A7B13-9220-4623-B405-3234903754B2}.Debug|ARM.Deploy.0 = Debug|ARM
		{256A7B13-9220-4623-B405-3234903754B2}.Debug|x64.ActiveCfg = Debug|x64
		{256A7B13-9220-4623-B405-3234903754B2}.Debug|x64.Build.0 = Debug|x64
		{256A7B13-9220-4623-B405-3234903754B2}.Debug|x64.Deploy.0 = Debug|x64
		{256A7B13-9220-4623-B405-3234903754B2}.Debug|x86.ActiveCfg = Debug|x86
		{256A7B13-9220-4623-B405-3234903754B2}.Debug|x86.Build.0 = Debug|x86
		{256A7B13-9220-4623-B405-3234903754B2}.Debug|x86.Deploy.0 = Debug|x86
		{256A7B13-9220-4623-B405-3234903754B2}.Release|Any CPU.ActiveCfg = Release|x86
		{256A7B13-9220-4623-B405-3234903754B2}.Release|ARM.ActiveCfg = Release|ARM
		{256A7B13-9220-4623-B405-3234903754B2}.Release|ARM.Build.0 = Release|ARM
		{256A7B13-9220-4623-B405-3234903754B2}.Release|ARM.Deploy.0 = Release|ARM
		{256A7B13-9220-4623-B405-3234903754B2}.Release|x64.ActiveCfg = Release|x64
		{256A7B13-9220-4623-B405-3234903754B2}.Release|x64.Build.0 = Release|x64
		{256A7B13-9220-4623-B405-3234903754B2}.Release|x64.Deploy.0 = Release|x64
		{256A7B13-9220-4623-B405-3234903754B2}.Release|x86.ActiveCfg = Release|x86
		{256A7B13-9220-4623-B405-3234903754B2}.Release|x86.Build.0 = Release|x86
		{256A7B13-9220-4623-B405-3234903754B2}.Release|x86.Deploy.0 = Release|x86
		{2B3EC665-3487-4610-8233-EABB80270497}.Debug|Any CPU.ActiveCfg = Debug|Any CPU
		{2B3EC665-3487-4610-8233-EABB80270497}.Debug|Any CPU.Build.0 = Debug|Any CPU
		{2B3EC665-3487-4610-8233-EABB80270497}.Debug|ARM.ActiveCfg = Debug|Any CPU
		{2B3EC665-3487-4610-8233-EABB80270497}.Debug|ARM.Build.0 = Debug|Any CPU
		{2B3EC665-3487-4610-8233-EABB80270497}.Debug|x64.ActiveCfg = Debug|Any CPU
		{2B3EC665-3487-4610-8233-EABB80270497}.Debug|x64.Build.0 = Debug|Any CPU
		{2B3EC665-3487-4610-8233-EABB80270497}.Debug|x86.ActiveCfg = Debug|Any CPU
		{2B3EC665-3487-4610-8233-EABB80270497}.Debug|x86.Build.0 = Debug|Any CPU
		{2B3EC665-3487-4610-8233-EABB80270497}.Release|Any CPU.ActiveCfg = Release|Any CPU
		{2B3EC665-3487-4610-8233-EABB80270497}.Release|Any CPU.Build.0 = Release|Any CPU
		{2B3EC665-3487-4610-8233-EABB80270497}.Release|ARM.ActiveCfg = Release|Any CPU
		{2B3EC665-3487-4610-8233-EABB80270497}.Release|ARM.Build.0 = Release|Any CPU
		{2B3EC665-3487-4610-8233-EABB80270497}.Release|x64.ActiveCfg = Release|Any CPU
		{2B3EC665-3487-4610-8233-EABB80270497}.Release|x64.Build.0 = Release|Any CPU
		{2B3EC665-3487-4610-8233-EABB80270497}.Release|x86.ActiveCfg = Release|Any CPU
		{2B3EC665-3487-4610-8233-EABB80270497}.Release|x86.Build.0 = Release|Any CPU
		{BD0D0CE4-934C-4330-93D7-759E17C1800F}.Debug|Any CPU.ActiveCfg = Debug|Any CPU
		{BD0D0CE4-934C-4330-93D7-759E17C1800F}.Debug|Any CPU.Build.0 = Debug|Any CPU
		{BD0D0CE4-934C-4330-93D7-759E17C1800F}.Debug|ARM.ActiveCfg = Debug|Any CPU
		{BD0D0CE4-934C-4330-93D7-759E17C1800F}.Debug|ARM.Build.0 = Debug|Any CPU
		{BD0D0CE4-934C-4330-93D7-759E17C1800F}.Debug|x64.ActiveCfg = Debug|Any CPU
		{BD0D0CE4-934C-4330-93D7-759E17C1800F}.Debug|x64.Build.0 = Debug|Any CPU
		{BD0D0CE4-934C-4330-93D7-759E17C1800F}.Debug|x86.ActiveCfg = Debug|Any CPU
		{BD0D0CE4-934C-4330-93D7-759E17C1800F}.Debug|x86.Build.0 = Debug|Any CPU
		{BD0D0CE4-934C-4330-93D7-759E17C1800F}.Release|Any CPU.ActiveCfg = Release|Any CPU
		{BD0D0CE4-934C-4330-93D7-759E17C1800F}.Release|Any CPU.Build.0 = Release|Any CPU
		{BD0D0CE4-934C-4330-93D7-759E17C1800F}.Release|ARM.ActiveCfg = Release|Any CPU
		{BD0D0CE4-934C-4330-93D7-759E17C1800F}.Release|ARM.Build.0 = Release|Any CPU
		{BD0D0CE4-934C-4330-93D7-759E17C1800F}.Release|x64.ActiveCfg = Release|Any CPU
		{BD0D0CE4-934C-4330-93D7-759E17C1800F}.Release|x64.Build.0 = Release|Any CPU
		{BD0D0CE4-934C-4330-93D7-759E17C1800F}.Release|x86.ActiveCfg = Release|Any CPU
		{BD0D0CE4-934C-4330-93D7-759E17C1800F}.Release|x86.Build.0 = Release|Any CPU
	EndGlobalSection
	GlobalSection(SolutionProperties) = preSolution
		HideSolutionNode = FALSE
	EndGlobalSection
	GlobalSection(NestedProjects) = preSolution
		{4A420615-40FB-4C8F-9084-B810084A6805} = {72AB6439-205A-4802-B0E4-08085AF74FE8}
		{3CB3728D-D0F3-48E9-A1F4-06D140E16816} = {72AB6439-205A-4802-B0E4-08085AF74FE8}
		{346A9BCA-8AEA-49D8-BC45-BA06D67C6846} = {72AB6439-205A-4802-B0E4-08085AF74FE8}
		{E7DBCA15-DD28-4846-8531-4BD534283084} = {72AB6439-205A-4802-B0E4-08085AF74FE8}
		{0B6ECF6A-3A0D-4D21-9BE2-C6E5797F3F72} = {72AB6439-205A-4802-B0E4-08085AF74FE8}
		{58A65F45-54ED-487D-85CE-D82880E54A4E} = {3CF86B52-A182-4DBF-BFD9-B45D96B7D902}
		{05F18F3E-7E3B-45F0-8265-D9E1D6E1C35C} = {3CF86B52-A182-4DBF-BFD9-B45D96B7D902}
		{E20355F8-7891-4DDA-903E-CBBF772766CD} = {3CF86B52-A182-4DBF-BFD9-B45D96B7D902}
		{256A7B13-9220-4623-B405-3234903754B2} = {3CF86B52-A182-4DBF-BFD9-B45D96B7D902}
		{2B3EC665-3487-4610-8233-EABB80270497} = {3CF86B52-A182-4DBF-BFD9-B45D96B7D902}
		{BD0D0CE4-934C-4330-93D7-759E17C1800F} = {3CF86B52-A182-4DBF-BFD9-B45D96B7D902}
	EndGlobalSection
	GlobalSection(ExtensibilityGlobals) = postSolution
		SolutionGuid = {2047311B-84A8-4993-8EAE-02E50B3F0B00}
	EndGlobalSection
EndGlobal
